
Microsoft Visual Studio Solution File, Format Version 12.00
# Visual Studio Version 17
VisualStudioVersion = 17.7.34003.232
MinimumVisualStudioVersion = 10.0.40219.1
Project("{FAE04EC0-301F-11D3-BF4B-00C04F79EFBC}") = "ClassLibrary", "ClassLibrary\ClassLibrary.csproj", "{59F31534-A763-4D64-9A35-B4EC9539EC17}"
EndProject
Project("{FAE04EC0-301F-11D3-BF4B-00C04F79EFBC}") = "alapDolgok", "alapDolgok\alapDolgok.csproj", "{99778277-0BE9-4BF6-80B3-0D5E11699A81}"
EndProject
Global
	GlobalSection(SolutionConfigurationPlatforms) = preSolution
		Debug|Any CPU = Debug|Any CPU
		Release|Any CPU = Release|Any CPU
	EndGlobalSection
	GlobalSection(ProjectConfigurationPlatforms) = postSolution
		{59F31534-A763-4D64-9A35-B4EC9539EC17}.Debug|Any CPU.ActiveCfg = Debug|Any CPU
		{59F31534-A763-4D64-9A35-B4EC9539EC17}.Debug|Any CPU.Build.0 = Debug|Any CPU
		{59F31534-A763-4D64-9A35-B4EC9539EC17}.Release|Any CPU.ActiveCfg = Release|Any CPU
		{59F31534-A763-4D64-9A35-B4EC9539EC17}.Release|Any CPU.Build.0 = Release|Any CPU
		{99778277-0BE9-4BF6-80B3-0D5E11699A81}.Debug|Any CPU.ActiveCfg = Debug|Any CPU
		{99778277-0BE9-4BF6-80B3-0D5E11699A81}.Debug|Any CPU.Build.0 = Debug|Any CPU
		{99778277-0BE9-4BF6-80B3-0D5E11699A81}.Release|Any CPU.ActiveCfg = Release|Any CPU
		{99778277-0BE9-4BF6-80B3-0D5E11699A81}.Release|Any CPU.Build.0 = Release|Any CPU
	EndGlobalSection
	GlobalSection(SolutionProperties) = preSolution
		HideSolutionNode = FALSE
	EndGlobalSection
	GlobalSection(ExtensibilityGlobals) = postSolution
		SolutionGuid = {3BE583CF-11EC-4D37-82C9-6932067E370F}
	EndGlobalSection
EndGlobal
